
Microsoft Visual Studio Solution File, Format Version 12.00
# Visual Studio 14
VisualStudioVersion = 14.0.25420.1
MinimumVisualStudioVersion = 10.0.40219.1
Project("{2150E333-8FDC-42A3-9474-1A3956D46DE8}") = "1-Fundamentos OOP", "1-Fundamentos OOP", "{B7EC2AC3-0D70-4081-8C08-361332AF4DBD}"
EndProject
Project("{FAE04EC0-301F-11D3-BF4B-00C04F79EFBC}") = "RMMSA.PadroesProjeto.Fundamentos", "RMMSA.PadroesProjeto.Fundamentos\RMMSA.PadroesProjeto.Fundamentos.csproj", "{1EB41B78-52BA-4D0D-B23C-B18235C22C62}"
EndProject
Project("{2150E333-8FDC-42A3-9474-1A3956D46DE8}") = "2-Fundamentos OOP - Herança", "2-Fundamentos OOP - Herança", "{4BDD1DC1-F213-48EE-89FA-097F15F1E7FF}"
EndProject
Project("{FAE04EC0-301F-11D3-BF4B-00C04F79EFBC}") = "RMMSA.PadroesProjetos.Hernanca", "RMMSA.PadroesProjetos.Hernanca\RMMSA.PadroesProjetos.Hernanca.csproj", "{3B114FF2-0A5D-4E71-AD04-6337EE7BE4A4}"
EndProject
Project("{2150E333-8FDC-42A3-9474-1A3956D46DE8}") = "3-Fundamentos OOP - Polimorfismo", "3-Fundamentos OOP - Polimorfismo", "{270FE876-C37C-42DD-B57D-4F92703DE542}"
EndProject
Project("{FAE04EC0-301F-11D3-BF4B-00C04F79EFBC}") = "RMMSA.PadroesProjeto.Polimorfismo", "RMMSA.PadroesProjeto.Polimorfismo\RMMSA.PadroesProjeto.Polimorfismo.csproj", "{CF78DE8A-AF6A-4E96-AF9D-0D73F7E2E7C5}"
EndProject
Project("{2150E333-8FDC-42A3-9474-1A3956D46DE8}") = "4-Fundamentos OOP - Encapsulamento", "4-Fundamentos OOP - Encapsulamento", "{CFE5E605-6899-475A-9C58-DEDFF57FCDD5}"
EndProject
Project("{FAE04EC0-301F-11D3-BF4B-00C04F79EFBC}") = "RMMSA.PadroesProjeto.Encapsulamento", "RMMSA.PadroesProjeto.Encapsulamento\RMMSA.PadroesProjeto.Encapsulamento.csproj", "{4025A252-AF01-43ED-993A-F0A6A9A987F8}"
EndProject
Project("{2150E333-8FDC-42A3-9474-1A3956D46DE8}") = "5-Fundamentos OOP - Abstracao", "5-Fundamentos OOP - Abstracao", "{11790059-9610-45A9-A459-020ED4F3760C}"
EndProject
Project("{FAE04EC0-301F-11D3-BF4B-00C04F79EFBC}") = "RMMSA.PadroesProjeto.Abstracao", "RMMSA.PadroesProjeto.Abstracao\RMMSA.PadroesProjeto.Abstracao.csproj", "{E04974E9-754D-4CB0-816D-A5DC70CFC093}"
EndProject
Project("{2150E333-8FDC-42A3-9474-1A3956D46DE8}") = "1-Fundamentos", "1-Fundamentos", "{955B6031-F349-4AD1-B759-972DFBE2E248}"
EndProject
Project("{2150E333-8FDC-42A3-9474-1A3956D46DE8}") = "2-Padroes de Criação", "2-Padroes de Criação", "{4C7EFB52-46C3-48D0-8327-A342F9C3B083}"
EndProject
Project("{2150E333-8FDC-42A3-9474-1A3956D46DE8}") = "1-Abstract Factory", "1-Abstract Factory", "{B78984B3-AF0B-47E5-B6C1-312FFF3A9FF2}"
EndProject
Project("{FAE04EC0-301F-11D3-BF4B-00C04F79EFBC}") = "RMMSA.PadroesProejto.AbstractFactory", "RMMSA.PadroesProejto.AbstractFactory\RMMSA.PadroesProejto.AbstractFactory.csproj", "{6C1DFF4A-82D7-4F4C-B769-3AAF2CA77B17}"
EndProject
Project("{2150E333-8FDC-42A3-9474-1A3956D46DE8}") = "2-Builder", "2-Builder", "{D44F9C4A-95AE-4441-864D-3BD97C0745FF}"
EndProject
Project("{FAE04EC0-301F-11D3-BF4B-00C04F79EFBC}") = "RMMSA.PadroesProjeto.Builder", "RMMSA.PadroesProjeto.Builder\RMMSA.PadroesProjeto.Builder.csproj", "{9F9B62D8-84CC-40C4-96A9-BC750E226B6E}"
EndProject
Project("{2150E333-8FDC-42A3-9474-1A3956D46DE8}") = "3-Factory Metodo", "3-Factory Metodo", "{F7CA99CA-0629-48BF-9569-4F44604ED35B}"
EndProject
Project("{FAE04EC0-301F-11D3-BF4B-00C04F79EFBC}") = "RMMSA.PadroesProjeto.Fabrica", "RMMSA.PadroesProjeto.Fabrica\RMMSA.PadroesProjeto.Fabrica.csproj", "{CD3AAD87-31D2-4624-88D5-BB433B8C2CA3}"
EndProject
Project("{2150E333-8FDC-42A3-9474-1A3956D46DE8}") = "4-Prototype", "4-Prototype", "{438CCE56-0403-46CB-ADCB-85DDF5D1EEA0}"
EndProject
Project("{FAE04EC0-301F-11D3-BF4B-00C04F79EFBC}") = "RMMSA.PadoresProjeto.Prototipo", "RMMSA.PadoresProjeto.Prototipo\RMMSA.PadoresProjeto.Prototipo.csproj", "{7E680CF6-EB37-4243-B4F3-18DB9E5BF5B1}"
EndProject
Project("{2150E333-8FDC-42A3-9474-1A3956D46DE8}") = "5-Singleton", "5-Singleton", "{DF3634EF-0513-4743-9F7E-C1117BB1F5AA}"
EndProject
Project("{FAE04EC0-301F-11D3-BF4B-00C04F79EFBC}") = "RMMSA.PadoresProjeto.Singleton", "RMMSA.PadoresProjeto.Singleton\RMMSA.PadoresProjeto.Singleton.csproj", "{CB0C2CF7-5A7D-4591-B7BB-BB97E2FE3B1D}"
EndProject
Project("{2150E333-8FDC-42A3-9474-1A3956D46DE8}") = "3-Padõres Estruturais", "3-Padõres Estruturais", "{31499E20-BC58-4E37-9CC5-06BE34DABFA4}"
EndProject
Project("{2150E333-8FDC-42A3-9474-1A3956D46DE8}") = "Adapter", "Adapter", "{D8D64BE6-15E5-4490-854F-B7144152D75A}"
EndProject
Project("{FAE04EC0-301F-11D3-BF4B-00C04F79EFBC}") = "RMMSA.PadroesProjeto.Estruturais.Adapter", "RMMSA.PadroesProjeto.Estruturais.Adapter\RMMSA.PadroesProjeto.Estruturais.Adapter.csproj", "{4C341282-03DD-47C8-8335-1BAEE8162911}"
EndProject
Project("{2150E333-8FDC-42A3-9474-1A3956D46DE8}") = "Bridge", "Bridge", "{5D6D9EFA-5A86-485E-9495-57600ABDA032}"
EndProject
Project("{FAE04EC0-301F-11D3-BF4B-00C04F79EFBC}") = "RMMSA.PadroesProjeto.Estuturais.Bridge", "RMMSA.PadroesProjeto.Estuturais.Bridge\RMMSA.PadroesProjeto.Estuturais.Bridge.csproj", "{A317F885-D35A-4F62-8FDA-7C06021730E6}"
EndProject
Project("{2150E333-8FDC-42A3-9474-1A3956D46DE8}") = "Composite", "Composite", "{E563AE87-E2E1-4C4C-B531-8A0E45FB8028}"
EndProject
Project("{FAE04EC0-301F-11D3-BF4B-00C04F79EFBC}") = "RMMSA.PadroesProjeto.Estruturais.Composicao", "RMMSA.PadroesProjeto.Estruturais.Composicao\RMMSA.PadroesProjeto.Estruturais.Composicao.csproj", "{E39F3117-EAE2-454B-8567-8E7CF2E18568}"
EndProject
Project("{2150E333-8FDC-42A3-9474-1A3956D46DE8}") = "Decorator", "Decorator", "{6E4F3899-0125-454F-9AF5-34C75352E240}"
EndProject
Project("{FAE04EC0-301F-11D3-BF4B-00C04F79EFBC}") = "RMMSA.PadoresProjeto.Estruturais.Decorator", "RMMSA.PadoresProjeto.Estruturais.Decoretor\RMMSA.PadoresProjeto.Estruturais.Decorator.csproj", "{0F780619-9A59-49B8-A531-B91A0E683EA1}"
EndProject
Project("{2150E333-8FDC-42A3-9474-1A3956D46DE8}") = "Facade", "Facade", "{FFC2FEB5-BA9D-42D9-8A25-6E5146327268}"
EndProject
Project("{FAE04EC0-301F-11D3-BF4B-00C04F79EFBC}") = "RMMSA.PadroesProjeto.Estruturais.Facade", "RMMSA.PadroesProjeto.Estruturais.Facade\RMMSA.PadroesProjeto.Estruturais.Facade.csproj", "{41BC64B9-B062-4649-A560-B57EF454EA15}"
EndProject
Project("{2150E333-8FDC-42A3-9474-1A3956D46DE8}") = "Flyweight", "Flyweight", "{092E08C4-F9B3-4548-AEFE-90A6C0C113CF}"
EndProject
Project("{FAE04EC0-301F-11D3-BF4B-00C04F79EFBC}") = "RMMSA.PadroesProjeto.Estruturais.Flyweight", "RMMSA.PadroesProjeto.Estruturais.Flyweight\RMMSA.PadroesProjeto.Estruturais.Flyweight.csproj", "{67DF39EC-4691-48E5-B9C6-5B380286724B}"
EndProject
Project("{2150E333-8FDC-42A3-9474-1A3956D46DE8}") = "Proxy", "Proxy", "{DC86FDCB-668A-4DD2-A146-5001490ABB83}"
EndProject
Project("{FAE04EC0-301F-11D3-BF4B-00C04F79EFBC}") = "RMMSA.PadroesProjeto.Estruturais.Proxy", "RMMSA.PadroesProjeto.Estruturais.Proxy\RMMSA.PadroesProjeto.Estruturais.Proxy.csproj", "{ECC80658-CE53-49BA-9363-63936CDCE0E5}"
EndProject
Project("{2150E333-8FDC-42A3-9474-1A3956D46DE8}") = "4-Padroes Comportamentais", "4-Padroes Comportamentais", "{2A8FE66B-58EC-4F48-B2FE-58285A7D6328}"
EndProject
Project("{2150E333-8FDC-42A3-9474-1A3956D46DE8}") = "Chain of Responsability", "Chain of Responsability", "{4AB21F0E-FACC-47AF-8425-214DD0B0CBBA}"
EndProject
Project("{FAE04EC0-301F-11D3-BF4B-00C04F79EFBC}") = "RMMSA.PadroesProjeto.Comportamentais.ChainResponsability", "RMMSA.PadroesProjeto.Comportamentais.ChainResponsability\RMMSA.PadroesProjeto.Comportamentais.ChainResponsability.csproj", "{CA582BA1-B6FA-4836-A8E1-BFBB058B9AE2}"
EndProject
Project("{2150E333-8FDC-42A3-9474-1A3956D46DE8}") = "Command", "Command", "{FE96CBCE-5120-4F1B-8433-1442094EB960}"
EndProject
Project("{FAE04EC0-301F-11D3-BF4B-00C04F79EFBC}") = "RMMSA.PadoresProjeto.Comportamentais.Command", "RMMSA.PadoresProjeto.Comportamentais.Command\RMMSA.PadoresProjeto.Comportamentais.Command.csproj", "{A77C7174-97DA-4A5B-960A-E6CB17D40B1B}"
EndProject
Project("{2150E333-8FDC-42A3-9474-1A3956D46DE8}") = "Iterator", "Iterator", "{E57F713B-1517-4ED7-A933-869704AE88BB}"
EndProject
Project("{FAE04EC0-301F-11D3-BF4B-00C04F79EFBC}") = "RMMSA.PadroesProjeto.Comportamentais.Iterator", "RMMSA.PadroesProjeto.Comportamentais.Iterator\RMMSA.PadroesProjeto.Comportamentais.Iterator.csproj", "{221ECAEC-9157-4CAF-B3B7-088F9D6C0603}"
EndProject
Global
	GlobalSection(SolutionConfigurationPlatforms) = preSolution
		Debug|Any CPU = Debug|Any CPU
		Release|Any CPU = Release|Any CPU
	EndGlobalSection
	GlobalSection(ProjectConfigurationPlatforms) = postSolution
		{1EB41B78-52BA-4D0D-B23C-B18235C22C62}.Debug|Any CPU.ActiveCfg = Debug|Any CPU
		{1EB41B78-52BA-4D0D-B23C-B18235C22C62}.Debug|Any CPU.Build.0 = Debug|Any CPU
		{1EB41B78-52BA-4D0D-B23C-B18235C22C62}.Release|Any CPU.ActiveCfg = Release|Any CPU
		{1EB41B78-52BA-4D0D-B23C-B18235C22C62}.Release|Any CPU.Build.0 = Release|Any CPU
		{3B114FF2-0A5D-4E71-AD04-6337EE7BE4A4}.Debug|Any CPU.ActiveCfg = Debug|Any CPU
		{3B114FF2-0A5D-4E71-AD04-6337EE7BE4A4}.Debug|Any CPU.Build.0 = Debug|Any CPU
		{3B114FF2-0A5D-4E71-AD04-6337EE7BE4A4}.Release|Any CPU.ActiveCfg = Release|Any CPU
		{3B114FF2-0A5D-4E71-AD04-6337EE7BE4A4}.Release|Any CPU.Build.0 = Release|Any CPU
		{CF78DE8A-AF6A-4E96-AF9D-0D73F7E2E7C5}.Debug|Any CPU.ActiveCfg = Debug|Any CPU
		{CF78DE8A-AF6A-4E96-AF9D-0D73F7E2E7C5}.Debug|Any CPU.Build.0 = Debug|Any CPU
		{CF78DE8A-AF6A-4E96-AF9D-0D73F7E2E7C5}.Release|Any CPU.ActiveCfg = Release|Any CPU
		{CF78DE8A-AF6A-4E96-AF9D-0D73F7E2E7C5}.Release|Any CPU.Build.0 = Release|Any CPU
		{4025A252-AF01-43ED-993A-F0A6A9A987F8}.Debug|Any CPU.ActiveCfg = Debug|Any CPU
		{4025A252-AF01-43ED-993A-F0A6A9A987F8}.Debug|Any CPU.Build.0 = Debug|Any CPU
		{4025A252-AF01-43ED-993A-F0A6A9A987F8}.Release|Any CPU.ActiveCfg = Release|Any CPU
		{4025A252-AF01-43ED-993A-F0A6A9A987F8}.Release|Any CPU.Build.0 = Release|Any CPU
		{E04974E9-754D-4CB0-816D-A5DC70CFC093}.Debug|Any CPU.ActiveCfg = Debug|Any CPU
		{E04974E9-754D-4CB0-816D-A5DC70CFC093}.Debug|Any CPU.Build.0 = Debug|Any CPU
		{E04974E9-754D-4CB0-816D-A5DC70CFC093}.Release|Any CPU.ActiveCfg = Release|Any CPU
		{E04974E9-754D-4CB0-816D-A5DC70CFC093}.Release|Any CPU.Build.0 = Release|Any CPU
		{6C1DFF4A-82D7-4F4C-B769-3AAF2CA77B17}.Debug|Any CPU.ActiveCfg = Debug|Any CPU
		{6C1DFF4A-82D7-4F4C-B769-3AAF2CA77B17}.Debug|Any CPU.Build.0 = Debug|Any CPU
		{6C1DFF4A-82D7-4F4C-B769-3AAF2CA77B17}.Release|Any CPU.ActiveCfg = Release|Any CPU
		{6C1DFF4A-82D7-4F4C-B769-3AAF2CA77B17}.Release|Any CPU.Build.0 = Release|Any CPU
		{9F9B62D8-84CC-40C4-96A9-BC750E226B6E}.Debug|Any CPU.ActiveCfg = Debug|Any CPU
		{9F9B62D8-84CC-40C4-96A9-BC750E226B6E}.Debug|Any CPU.Build.0 = Debug|Any CPU
		{9F9B62D8-84CC-40C4-96A9-BC750E226B6E}.Release|Any CPU.ActiveCfg = Release|Any CPU
		{9F9B62D8-84CC-40C4-96A9-BC750E226B6E}.Release|Any CPU.Build.0 = Release|Any CPU
		{CD3AAD87-31D2-4624-88D5-BB433B8C2CA3}.Debug|Any CPU.ActiveCfg = Debug|Any CPU
		{CD3AAD87-31D2-4624-88D5-BB433B8C2CA3}.Debug|Any CPU.Build.0 = Debug|Any CPU
		{CD3AAD87-31D2-4624-88D5-BB433B8C2CA3}.Release|Any CPU.ActiveCfg = Release|Any CPU
		{CD3AAD87-31D2-4624-88D5-BB433B8C2CA3}.Release|Any CPU.Build.0 = Release|Any CPU
		{7E680CF6-EB37-4243-B4F3-18DB9E5BF5B1}.Debug|Any CPU.ActiveCfg = Debug|Any CPU
		{7E680CF6-EB37-4243-B4F3-18DB9E5BF5B1}.Debug|Any CPU.Build.0 = Debug|Any CPU
		{7E680CF6-EB37-4243-B4F3-18DB9E5BF5B1}.Release|Any CPU.ActiveCfg = Release|Any CPU
		{7E680CF6-EB37-4243-B4F3-18DB9E5BF5B1}.Release|Any CPU.Build.0 = Release|Any CPU
		{CB0C2CF7-5A7D-4591-B7BB-BB97E2FE3B1D}.Debug|Any CPU.ActiveCfg = Debug|Any CPU
		{CB0C2CF7-5A7D-4591-B7BB-BB97E2FE3B1D}.Debug|Any CPU.Build.0 = Debug|Any CPU
		{CB0C2CF7-5A7D-4591-B7BB-BB97E2FE3B1D}.Release|Any CPU.ActiveCfg = Release|Any CPU
		{CB0C2CF7-5A7D-4591-B7BB-BB97E2FE3B1D}.Release|Any CPU.Build.0 = Release|Any CPU
		{4C341282-03DD-47C8-8335-1BAEE8162911}.Debug|Any CPU.ActiveCfg = Debug|Any CPU
		{4C341282-03DD-47C8-8335-1BAEE8162911}.Debug|Any CPU.Build.0 = Debug|Any CPU
		{4C341282-03DD-47C8-8335-1BAEE8162911}.Release|Any CPU.ActiveCfg = Release|Any CPU
		{4C341282-03DD-47C8-8335-1BAEE8162911}.Release|Any CPU.Build.0 = Release|Any CPU
		{A317F885-D35A-4F62-8FDA-7C06021730E6}.Debug|Any CPU.ActiveCfg = Debug|Any CPU
		{A317F885-D35A-4F62-8FDA-7C06021730E6}.Debug|Any CPU.Build.0 = Debug|Any CPU
		{A317F885-D35A-4F62-8FDA-7C06021730E6}.Release|Any CPU.ActiveCfg = Release|Any CPU
		{A317F885-D35A-4F62-8FDA-7C06021730E6}.Release|Any CPU.Build.0 = Release|Any CPU
		{E39F3117-EAE2-454B-8567-8E7CF2E18568}.Debug|Any CPU.ActiveCfg = Debug|Any CPU
		{E39F3117-EAE2-454B-8567-8E7CF2E18568}.Debug|Any CPU.Build.0 = Debug|Any CPU
		{E39F3117-EAE2-454B-8567-8E7CF2E18568}.Release|Any CPU.ActiveCfg = Release|Any CPU
		{E39F3117-EAE2-454B-8567-8E7CF2E18568}.Release|Any CPU.Build.0 = Release|Any CPU
		{0F780619-9A59-49B8-A531-B91A0E683EA1}.Debug|Any CPU.ActiveCfg = Debug|Any CPU
		{0F780619-9A59-49B8-A531-B91A0E683EA1}.Debug|Any CPU.Build.0 = Debug|Any CPU
		{0F780619-9A59-49B8-A531-B91A0E683EA1}.Release|Any CPU.ActiveCfg = Release|Any CPU
		{0F780619-9A59-49B8-A531-B91A0E683EA1}.Release|Any CPU.Build.0 = Release|Any CPU
		{41BC64B9-B062-4649-A560-B57EF454EA15}.Debug|Any CPU.ActiveCfg = Debug|Any CPU
		{41BC64B9-B062-4649-A560-B57EF454EA15}.Debug|Any CPU.Build.0 = Debug|Any CPU
		{41BC64B9-B062-4649-A560-B57EF454EA15}.Release|Any CPU.ActiveCfg = Release|Any CPU
		{41BC64B9-B062-4649-A560-B57EF454EA15}.Release|Any CPU.Build.0 = Release|Any CPU
		{67DF39EC-4691-48E5-B9C6-5B380286724B}.Debug|Any CPU.ActiveCfg = Debug|Any CPU
		{67DF39EC-4691-48E5-B9C6-5B380286724B}.Debug|Any CPU.Build.0 = Debug|Any CPU
		{67DF39EC-4691-48E5-B9C6-5B380286724B}.Release|Any CPU.ActiveCfg = Release|Any CPU
		{67DF39EC-4691-48E5-B9C6-5B380286724B}.Release|Any CPU.Build.0 = Release|Any CPU
		{ECC80658-CE53-49BA-9363-63936CDCE0E5}.Debug|Any CPU.ActiveCfg = Debug|Any CPU
		{ECC80658-CE53-49BA-9363-63936CDCE0E5}.Debug|Any CPU.Build.0 = Debug|Any CPU
		{ECC80658-CE53-49BA-9363-63936CDCE0E5}.Release|Any CPU.ActiveCfg = Release|Any CPU
		{ECC80658-CE53-49BA-9363-63936CDCE0E5}.Release|Any CPU.Build.0 = Release|Any CPU
		{CA582BA1-B6FA-4836-A8E1-BFBB058B9AE2}.Debug|Any CPU.ActiveCfg = Debug|Any CPU
		{CA582BA1-B6FA-4836-A8E1-BFBB058B9AE2}.Debug|Any CPU.Build.0 = Debug|Any CPU
		{CA582BA1-B6FA-4836-A8E1-BFBB058B9AE2}.Release|Any CPU.ActiveCfg = Release|Any CPU
		{CA582BA1-B6FA-4836-A8E1-BFBB058B9AE2}.Release|Any CPU.Build.0 = Release|Any CPU
		{A77C7174-97DA-4A5B-960A-E6CB17D40B1B}.Debug|Any CPU.ActiveCfg = Debug|Any CPU
		{A77C7174-97DA-4A5B-960A-E6CB17D40B1B}.Debug|Any CPU.Build.0 = Debug|Any CPU
		{A77C7174-97DA-4A5B-960A-E6CB17D40B1B}.Release|Any CPU.ActiveCfg = Release|Any CPU
		{A77C7174-97DA-4A5B-960A-E6CB17D40B1B}.Release|Any CPU.Build.0 = Release|Any CPU
		{221ECAEC-9157-4CAF-B3B7-088F9D6C0603}.Debug|Any CPU.ActiveCfg = Debug|Any CPU
		{221ECAEC-9157-4CAF-B3B7-088F9D6C0603}.Debug|Any CPU.Build.0 = Debug|Any CPU
		{221ECAEC-9157-4CAF-B3B7-088F9D6C0603}.Release|Any CPU.ActiveCfg = Release|Any CPU
		{221ECAEC-9157-4CAF-B3B7-088F9D6C0603}.Release|Any CPU.Build.0 = Release|Any CPU
	EndGlobalSection
	GlobalSection(SolutionProperties) = preSolution
		HideSolutionNode = FALSE
	EndGlobalSection
	GlobalSection(NestedProjects) = preSolution
		{B7EC2AC3-0D70-4081-8C08-361332AF4DBD} = {955B6031-F349-4AD1-B759-972DFBE2E248}
		{1EB41B78-52BA-4D0D-B23C-B18235C22C62} = {B7EC2AC3-0D70-4081-8C08-361332AF4DBD}
		{4BDD1DC1-F213-48EE-89FA-097F15F1E7FF} = {955B6031-F349-4AD1-B759-972DFBE2E248}
		{3B114FF2-0A5D-4E71-AD04-6337EE7BE4A4} = {4BDD1DC1-F213-48EE-89FA-097F15F1E7FF}
		{270FE876-C37C-42DD-B57D-4F92703DE542} = {955B6031-F349-4AD1-B759-972DFBE2E248}
		{CF78DE8A-AF6A-4E96-AF9D-0D73F7E2E7C5} = {270FE876-C37C-42DD-B57D-4F92703DE542}
		{CFE5E605-6899-475A-9C58-DEDFF57FCDD5} = {955B6031-F349-4AD1-B759-972DFBE2E248}
		{4025A252-AF01-43ED-993A-F0A6A9A987F8} = {CFE5E605-6899-475A-9C58-DEDFF57FCDD5}
		{11790059-9610-45A9-A459-020ED4F3760C} = {955B6031-F349-4AD1-B759-972DFBE2E248}
		{E04974E9-754D-4CB0-816D-A5DC70CFC093} = {11790059-9610-45A9-A459-020ED4F3760C}
		{B78984B3-AF0B-47E5-B6C1-312FFF3A9FF2} = {4C7EFB52-46C3-48D0-8327-A342F9C3B083}
		{6C1DFF4A-82D7-4F4C-B769-3AAF2CA77B17} = {B78984B3-AF0B-47E5-B6C1-312FFF3A9FF2}
		{D44F9C4A-95AE-4441-864D-3BD97C0745FF} = {4C7EFB52-46C3-48D0-8327-A342F9C3B083}
		{9F9B62D8-84CC-40C4-96A9-BC750E226B6E} = {D44F9C4A-95AE-4441-864D-3BD97C0745FF}
		{F7CA99CA-0629-48BF-9569-4F44604ED35B} = {4C7EFB52-46C3-48D0-8327-A342F9C3B083}
		{CD3AAD87-31D2-4624-88D5-BB433B8C2CA3} = {F7CA99CA-0629-48BF-9569-4F44604ED35B}
		{438CCE56-0403-46CB-ADCB-85DDF5D1EEA0} = {4C7EFB52-46C3-48D0-8327-A342F9C3B083}
		{7E680CF6-EB37-4243-B4F3-18DB9E5BF5B1} = {438CCE56-0403-46CB-ADCB-85DDF5D1EEA0}
		{DF3634EF-0513-4743-9F7E-C1117BB1F5AA} = {4C7EFB52-46C3-48D0-8327-A342F9C3B083}
		{CB0C2CF7-5A7D-4591-B7BB-BB97E2FE3B1D} = {DF3634EF-0513-4743-9F7E-C1117BB1F5AA}
		{D8D64BE6-15E5-4490-854F-B7144152D75A} = {31499E20-BC58-4E37-9CC5-06BE34DABFA4}
		{4C341282-03DD-47C8-8335-1BAEE8162911} = {D8D64BE6-15E5-4490-854F-B7144152D75A}
		{5D6D9EFA-5A86-485E-9495-57600ABDA032} = {31499E20-BC58-4E37-9CC5-06BE34DABFA4}
		{A317F885-D35A-4F62-8FDA-7C06021730E6} = {5D6D9EFA-5A86-485E-9495-57600ABDA032}
		{E563AE87-E2E1-4C4C-B531-8A0E45FB8028} = {31499E20-BC58-4E37-9CC5-06BE34DABFA4}
		{E39F3117-EAE2-454B-8567-8E7CF2E18568} = {E563AE87-E2E1-4C4C-B531-8A0E45FB8028}
		{6E4F3899-0125-454F-9AF5-34C75352E240} = {31499E20-BC58-4E37-9CC5-06BE34DABFA4}
		{0F780619-9A59-49B8-A531-B91A0E683EA1} = {6E4F3899-0125-454F-9AF5-34C75352E240}
		{FFC2FEB5-BA9D-42D9-8A25-6E5146327268} = {31499E20-BC58-4E37-9CC5-06BE34DABFA4}
		{41BC64B9-B062-4649-A560-B57EF454EA15} = {FFC2FEB5-BA9D-42D9-8A25-6E5146327268}
		{092E08C4-F9B3-4548-AEFE-90A6C0C113CF} = {31499E20-BC58-4E37-9CC5-06BE34DABFA4}
		{67DF39EC-4691-48E5-B9C6-5B380286724B} = {092E08C4-F9B3-4548-AEFE-90A6C0C113CF}
		{DC86FDCB-668A-4DD2-A146-5001490ABB83} = {31499E20-BC58-4E37-9CC5-06BE34DABFA4}
		{ECC80658-CE53-49BA-9363-63936CDCE0E5} = {DC86FDCB-668A-4DD2-A146-5001490ABB83}
		{4AB21F0E-FACC-47AF-8425-214DD0B0CBBA} = {2A8FE66B-58EC-4F48-B2FE-58285A7D6328}
		{CA582BA1-B6FA-4836-A8E1-BFBB058B9AE2} = {4AB21F0E-FACC-47AF-8425-214DD0B0CBBA}
		{FE96CBCE-5120-4F1B-8433-1442094EB960} = {2A8FE66B-58EC-4F48-B2FE-58285A7D6328}
		{A77C7174-97DA-4A5B-960A-E6CB17D40B1B} = {FE96CBCE-5120-4F1B-8433-1442094EB960}
		{E57F713B-1517-4ED7-A933-869704AE88BB} = {2A8FE66B-58EC-4F48-B2FE-58285A7D6328}
		{221ECAEC-9157-4CAF-B3B7-088F9D6C0603} = {E57F713B-1517-4ED7-A933-869704AE88BB}
	EndGlobalSection
EndGlobal
